// !$*UTF8*$!
{
	archiveVersion = 1;
	classes = {
	};
	objectVersion = 50;
	objects = {

/* Begin PBXBuildFile section */
		021792512320144B00DADF50 /* AppDelegate.swift in Sources */ = {isa = PBXBuildFile; fileRef = 021792502320144B00DADF50 /* AppDelegate.swift */; };
		021792532320144B00DADF50 /* SceneDelegate.swift in Sources */ = {isa = PBXBuildFile; fileRef = 021792522320144B00DADF50 /* SceneDelegate.swift */; };
		021792552320144B00DADF50 /* ContentView.swift in Sources */ = {isa = PBXBuildFile; fileRef = 021792542320144B00DADF50 /* ContentView.swift */; };
		021792572320144C00DADF50 /* Assets.xcassets in Resources */ = {isa = PBXBuildFile; fileRef = 021792562320144C00DADF50 /* Assets.xcassets */; };
		0217925A2320144C00DADF50 /* Preview Assets.xcassets in Resources */ = {isa = PBXBuildFile; fileRef = 021792592320144C00DADF50 /* Preview Assets.xcassets */; };
		0217925D2320144C00DADF50 /* LaunchScreen.storyboard in Resources */ = {isa = PBXBuildFile; fileRef = 0217925B2320144C00DADF50 /* LaunchScreen.storyboard */; };
/* End PBXBuildFile section */

/* Begin PBXFileReference section */
		0217924D2320144B00DADF50 /* test-fluuxxmpp.app */ = {isa = PBXFileReference; explicitFileType = wrapper.application; includeInIndex = 0; path = "test-fluuxxmpp.app"; sourceTree = BUILT_PRODUCTS_DIR; };
		021792502320144B00DADF50 /* AppDelegate.swift */ = {isa = PBXFileReference; lastKnownFileType = sourcecode.swift; path = AppDelegate.swift; sourceTree = "<group>"; };
		021792522320144B00DADF50 /* SceneDelegate.swift */ = {isa = PBXFileReference; lastKnownFileType = sourcecode.swift; path = SceneDelegate.swift; sourceTree = "<group>"; };
		021792542320144B00DADF50 /* ContentView.swift */ = {isa = PBXFileReference; lastKnownFileType = sourcecode.swift; path = ContentView.swift; sourceTree = "<group>"; };
		021792562320144C00DADF50 /* Assets.xcassets */ = {isa = PBXFileReference; lastKnownFileType = folder.assetcatalog; path = Assets.xcassets; sourceTree = "<group>"; };
		021792592320144C00DADF50 /* Preview Assets.xcassets */ = {isa = PBXFileReference; lastKnownFileType = folder.assetcatalog; path = "Preview Assets.xcassets"; sourceTree = "<group>"; };
		0217925C2320144C00DADF50 /* Base */ = {isa = PBXFileReference; lastKnownFileType = file.storyboard; name = Base; path = Base.lproj/LaunchScreen.storyboard; sourceTree = "<group>"; };
		0217925E2320144C00DADF50 /* Info.plist */ = {isa = PBXFileReference; lastKnownFileType = text.plist.xml; path = Info.plist; sourceTree = "<group>"; };
/* End PBXFileReference section */

/* Begin PBXFrameworksBuildPhase section */
		0217924A2320144B00DADF50 /* Frameworks */ = {
			isa = PBXFrameworksBuildPhase;
			buildActionMask = 2147483647;
			files = (
			);
			runOnlyForDeploymentPostprocessing = 0;
		};
/* End PBXFrameworksBuildPhase section */

/* Begin PBXGroup section */
		021792442320144B00DADF50 = {
			isa = PBXGroup;
			children = (
				0217924F2320144B00DADF50 /* test-fluuxxmpp */,
				0217924E2320144B00DADF50 /* Products */,
			);
			sourceTree = "<group>";
		};
		0217924E2320144B00DADF50 /* Products */ = {
			isa = PBXGroup;
			children = (
				0217924D2320144B00DADF50 /* test-fluuxxmpp.app */,
			);
			name = Products;
			sourceTree = "<group>";
		};
		0217924F2320144B00DADF50 /* test-fluuxxmpp */ = {
			isa = PBXGroup;
			children = (
				021792502320144B00DADF50 /* AppDelegate.swift */,
				021792522320144B00DADF50 /* SceneDelegate.swift */,
				021792542320144B00DADF50 /* ContentView.swift */,
				021792562320144C00DADF50 /* Assets.xcassets */,
				0217925B2320144C00DADF50 /* LaunchScreen.storyboard */,
				0217925E2320144C00DADF50 /* Info.plist */,
				021792582320144C00DADF50 /* Preview Content */,
			);
			path = "test-fluuxxmpp";
			sourceTree = "<group>";
		};
		021792582320144C00DADF50 /* Preview Content */ = {
			isa = PBXGroup;
			children = (
				021792592320144C00DADF50 /* Preview Assets.xcassets */,
			);
			path = "Preview Content";
			sourceTree = "<group>";
		};
/* End PBXGroup section */

/* Begin PBXNativeTarget section */
		0217924C2320144B00DADF50 /* test-fluuxxmpp */ = {
			isa = PBXNativeTarget;
			buildConfigurationList = 021792612320144C00DADF50 /* Build configuration list for PBXNativeTarget "test-fluuxxmpp" */;
			buildPhases = (
				021792492320144B00DADF50 /* Sources */,
				0217924A2320144B00DADF50 /* Frameworks */,
				0217924B2320144B00DADF50 /* Resources */,
			);
			buildRules = (
			);
			dependencies = (
			);
			name = "test-fluuxxmpp";
			productName = "test-fluuxxmpp";
			productReference = 0217924D2320144B00DADF50 /* test-fluuxxmpp.app */;
			productType = "com.apple.product-type.application";
		};
/* End PBXNativeTarget section */

/* Begin PBXProject section */
		021792452320144B00DADF50 /* Project object */ = {
			isa = PBXProject;
			attributes = {
				LastSwiftUpdateCheck = 1100;
				LastUpgradeCheck = 1100;
				ORGANIZATIONNAME = ProcessOne;
				TargetAttributes = {
					0217924C2320144B00DADF50 = {
						CreatedOnToolsVersion = 11.0;
					};
				};
			};
			buildConfigurationList = 021792482320144B00DADF50 /* Build configuration list for PBXProject "test-fluuxxmpp" */;
			compatibilityVersion = "Xcode 9.3";
			developmentRegion = en;
			hasScannedForEncodings = 0;
			knownRegions = (
				en,
				Base,
			);
			mainGroup = 021792442320144B00DADF50;
			productRefGroup = 0217924E2320144B00DADF50 /* Products */;
			projectDirPath = "";
			projectRoot = "";
			targets = (
				0217924C2320144B00DADF50 /* test-fluuxxmpp */,
			);
		};
/* End PBXProject section */

/* Begin PBXResourcesBuildPhase section */
		0217924B2320144B00DADF50 /* Resources */ = {
			isa = PBXResourcesBuildPhase;
			buildActionMask = 2147483647;
			files = (
				0217925D2320144C00DADF50 /* LaunchScreen.storyboard in Resources */,
				0217925A2320144C00DADF50 /* Preview Assets.xcassets in Resources */,
				021792572320144C00DADF50 /* Assets.xcassets in Resources */,
			);
			runOnlyForDeploymentPostprocessing = 0;
		};
/* End PBXResourcesBuildPhase section */

/* Begin PBXSourcesBuildPhase section */
		021792492320144B00DADF50 /* Sources */ = {
			isa = PBXSourcesBuildPhase;
			buildActionMask = 2147483647;
			files = (
				021792512320144B00DADF50 /* AppDelegate.swift in Sources */,
				021792532320144B00DADF50 /* SceneDelegate.swift in Sources */,
				021792552320144B00DADF50 /* ContentView.swift in Sources */,
			);
			runOnlyForDeploymentPostprocessing = 0;
		};
/* End PBXSourcesBuildPhase section */

/* Begin PBXVariantGroup section */
		0217925B2320144C00DADF50 /* LaunchScreen.storyboard */ = {
			isa = PBXVariantGroup;
			children = (
				0217925C2320144C00DADF50 /* Base */,
			);
			name = LaunchScreen.storyboard;
			sourceTree = "<group>";
		};
/* End PBXVariantGroup section */

/* Begin XCBuildConfiguration section */
		0217925F2320144C00DADF50 /* Debug */ = {
			isa = XCBuildConfiguration;
			buildSettings = {
				ALWAYS_SEARCH_USER_PATHS = NO;
				CLANG_ANALYZER_NONNULL = YES;
				CLANG_ANALYZER_NUMBER_OBJECT_CONVERSION = YES_AGGRESSIVE;
				CLANG_CXX_LANGUAGE_STANDARD = "gnu++14";
				CLANG_CXX_LIBRARY = "libc++";
				CLANG_ENABLE_MODULES = YES;
				CLANG_ENABLE_OBJC_ARC = YES;
				CLANG_ENABLE_OBJC_WEAK = YES;
				CLANG_WARN_BLOCK_CAPTURE_AUTORELEASING = YES;
				CLANG_WARN_BOOL_CONVERSION = YES;
				CLANG_WARN_COMMA = YES;
				CLANG_WARN_CONSTANT_CONVERSION = YES;
				CLANG_WARN_DEPRECATED_OBJC_IMPLEMENTATIONS = YES;
				CLANG_WARN_DIRECT_OBJC_ISA_USAGE = YES_ERROR;
				CLANG_WARN_DOCUMENTATION_COMMENTS = YES;
				CLANG_WARN_EMPTY_BODY = YES;
				CLANG_WARN_ENUM_CONVERSION = YES;
				CLANG_WARN_INFINITE_RECURSION = YES;
				CLANG_WARN_INT_CONVERSION = YES;
				CLANG_WARN_NON_LITERAL_NULL_CONVERSION = YES;
				CLANG_WARN_OBJC_IMPLICIT_RETAIN_SELF = YES;
				CLANG_WARN_OBJC_LITERAL_CONVERSION = YES;
				CLANG_WARN_OBJC_ROOT_CLASS = YES_ERROR;
				CLANG_WARN_RANGE_LOOP_ANALYSIS = YES;
				CLANG_WARN_STRICT_PROTOTYPES = YES;
				CLANG_WARN_SUSPICIOUS_MOVE = YES;
				CLANG_WARN_UNGUARDED_AVAILABILITY = YES_AGGRESSIVE;
				CLANG_WARN_UNREACHABLE_CODE = YES;
				CLANG_WARN__DUPLICATE_METHOD_MATCH = YES;
				COPY_PHASE_STRIP = NO;
				DEBUG_INFORMATION_FORMAT = dwarf;
				ENABLE_STRICT_OBJC_MSGSEND = YES;
				ENABLE_TESTABILITY = YES;
				GCC_C_LANGUAGE_STANDARD = gnu11;
				GCC_DYNAMIC_NO_PIC = NO;
				GCC_NO_COMMON_BLOCKS = YES;
				GCC_OPTIMIZATION_LEVEL = 0;
				GCC_PREPROCESSOR_DEFINITIONS = (
					"DEBUG=1",
					"$(inherited)",
				);
				GCC_WARN_64_TO_32_BIT_CONVERSION = YES;
				GCC_WARN_ABOUT_RETURN_TYPE = YES_ERROR;
				GCC_WARN_UNDECLARED_SELECTOR = YES;
				GCC_WARN_UNINITIALIZED_AUTOS = YES_AGGRESSIVE;
				GCC_WARN_UNUSED_FUNCTION = YES;
				GCC_WARN_UNUSED_VARIABLE = YES;
				IPHONEOS_DEPLOYMENT_TARGET = 13.0;
				MTL_ENABLE_DEBUG_INFO = INCLUDE_SOURCE;
				MTL_FAST_MATH = YES;
				ONLY_ACTIVE_ARCH = YES;
				SDKROOT = iphoneos;
				SWIFT_ACTIVE_COMPILATION_CONDITIONS = DEBUG;
				SWIFT_OPTIMIZATION_LEVEL = "-Onone";
			};
			name = Debug;
		};
		021792602320144C00DADF50 /* Release */ = {
			isa = XCBuildConfiguration;
			buildSettings = {
				ALWAYS_SEARCH_USER_PATHS = NO;
				CLANG_ANALYZER_NONNULL = YES;
				CLANG_ANALYZER_NUMBER_OBJECT_CONVERSION = YES_AGGRESSIVE;
				CLANG_CXX_LANGUAGE_STANDARD = "gnu++14";
				CLANG_CXX_LIBRARY = "libc++";
				CLANG_ENABLE_MODULES = YES;
				CLANG_ENABLE_OBJC_ARC = YES;
				CLANG_ENABLE_OBJC_WEAK = YES;
				CLANG_WARN_BLOCK_CAPTURE_AUTORELEASING = YES;
				CLANG_WARN_BOOL_CONVERSION = YES;
				CLANG_WARN_COMMA = YES;
				CLANG_WARN_CONSTANT_CONVERSION = YES;
				CLANG_WARN_DEPRECATED_OBJC_IMPLEMENTATIONS = YES;
				CLANG_WARN_DIRECT_OBJC_ISA_USAGE = YES_ERROR;
				CLANG_WARN_DOCUMENTATION_COMMENTS = YES;
				CLANG_WARN_EMPTY_BODY = YES;
				CLANG_WARN_ENUM_CONVERSION = YES;
				CLANG_WARN_INFINITE_RECURSION = YES;
				CLANG_WARN_INT_CONVERSION = YES;
				CLANG_WARN_NON_LITERAL_NULL_CONVERSION = YES;
				CLANG_WARN_OBJC_IMPLICIT_RETAIN_SELF = YES;
				CLANG_WARN_OBJC_LITERAL_CONVERSION = YES;
				CLANG_WARN_OBJC_ROOT_CLASS = YES_ERROR;
				CLANG_WARN_RANGE_LOOP_ANALYSIS = YES;
				CLANG_WARN_STRICT_PROTOTYPES = YES;
				CLANG_WARN_SUSPICIOUS_MOVE = YES;
				CLANG_WARN_UNGUARDED_AVAILABILITY = YES_AGGRESSIVE;
				CLANG_WARN_UNREACHABLE_CODE = YES;
				CLANG_WARN__DUPLICATE_METHOD_MATCH = YES;
				COPY_PHASE_STRIP = NO;
				DEBUG_INFORMATION_FORMAT = "dwarf-with-dsym";
				ENABLE_NS_ASSERTIONS = NO;
				ENABLE_STRICT_OBJC_MSGSEND = YES;
				GCC_C_LANGUAGE_STANDARD = gnu11;
				GCC_NO_COMMON_BLOCKS = YES;
				GCC_WARN_64_TO_32_BIT_CONVERSION = YES;
				GCC_WARN_ABOUT_RETURN_TYPE = YES_ERROR;
				GCC_WARN_UNDECLARED_SELECTOR = YES;
				GCC_WARN_UNINITIALIZED_AUTOS = YES_AGGRESSIVE;
				GCC_WARN_UNUSED_FUNCTION = YES;
				GCC_WARN_UNUSED_VARIABLE = YES;
				IPHONEOS_DEPLOYMENT_TARGET = 13.0;
				MTL_ENABLE_DEBUG_INFO = NO;
				MTL_FAST_MATH = YES;
				SDKROOT = iphoneos;
				SWIFT_COMPILATION_MODE = wholemodule;
				SWIFT_OPTIMIZATION_LEVEL = "-O";
				VALIDATE_PRODUCT = YES;
			};
			name = Release;
		};
		021792622320144C00DADF50 /* Debug */ = {
			isa = XCBuildConfiguration;
			buildSettings = {
				ASSETCATALOG_COMPILER_APPICON_NAME = AppIcon;
				CODE_SIGN_STYLE = Automatic;
				DEVELOPMENT_ASSET_PATHS = "\"test-fluuxxmpp/Preview Content\"";
				DEVELOPMENT_TEAM = 8L55BDM864;
				ENABLE_PREVIEWS = YES;
				INFOPLIST_FILE = "test-fluuxxmpp/Info.plist";
				LD_RUNPATH_SEARCH_PATHS = (
					"$(inherited)",
					"@executable_path/Frameworks",
				);
				PRODUCT_BUNDLE_IDENTIFIER = "net.process-one.test-fluuxxmpp";
				PRODUCT_NAME = "$(TARGET_NAME)";
				SWIFT_VERSION = 5.0;
				TARGETED_DEVICE_FAMILY = "1,2";
			};
			name = Debug;
		};
		021792632320144C00DADF50 /* Release */ = {
			isa = XCBuildConfiguration;
			buildSettings = {
				ASSETCATALOG_COMPILER_APPICON_NAME = AppIcon;
				CODE_SIGN_STYLE = Automatic;
				DEVELOPMENT_ASSET_PATHS = "\"test-fluuxxmpp/Preview Content\"";
				DEVELOPMENT_TEAM = 8L55BDM864;
				ENABLE_PREVIEWS = YES;
				INFOPLIST_FILE = "test-fluuxxmpp/Info.plist";
				LD_RUNPATH_SEARCH_PATHS = (
					"$(inherited)",
					"@executable_path/Frameworks",
				);
				PRODUCT_BUNDLE_IDENTIFIER = "net.process-one.test-fluuxxmpp";
				PRODUCT_NAME = "$(TARGET_NAME)";
				SWIFT_VERSION = 5.0;
				TARGETED_DEVICE_FAMILY = "1,2";
			};
			name = Release;
		};
/* End XCBuildConfiguration section */

/* Begin XCConfigurationList section */
		021792482320144B00DADF50 /* Build configuration list for PBXProject "test-fluuxxmpp" */ = {
			isa = XCConfigurationList;
			buildConfigurations = (
				0217925F2320144C00DADF50 /* Debug */,
				021792602320144C00DADF50 /* Release */,
			);
			defaultConfigurationIsVisible = 0;
			defaultConfigurationName = Release;
		};
		021792612320144C00DADF50 /* Build configuration list for PBXNativeTarget "test-fluuxxmpp" */ = {
			isa = XCConfigurationList;
			buildConfigurations = (
				021792622320144C00DADF50 /* Debug */,
				021792632320144C00DADF50 /* Release */,
			);
			defaultConfigurationIsVisible = 0;
			defaultConfigurationName = Release;
		};
/* End XCConfigurationList section */
	};
	rootObject = 021792452320144B00DADF50 /* Project object */;
}
